// !$*UTF8*$!
{
	archiveVersion = 1;
	classes = {
	};
	objectVersion = 56;
	objects = {

/* Begin PBXBuildFile section */
		1CDDEDBD290BC8620036D0E6 /* AppDelegate.swift in Sources */ = {isa = PBXBuildFile; fileRef = 1CDDEDBC290BC8620036D0E6 /* AppDelegate.swift */; };
		1CDDEDBF290BC8620036D0E6 /* SceneDelegate.swift in Sources */ = {isa = PBXBuildFile; fileRef = 1CDDEDBE290BC8620036D0E6 /* SceneDelegate.swift */; };
		1CDDEDC6290BC8630036D0E6 /* Assets.xcassets in Resources */ = {isa = PBXBuildFile; fileRef = 1CDDEDC5290BC8630036D0E6 /* Assets.xcassets */; };
		1CDDEDC9290BC8630036D0E6 /* LaunchScreen.storyboard in Resources */ = {isa = PBXBuildFile; fileRef = 1CDDEDC7290BC8630036D0E6 /* LaunchScreen.storyboard */; };
		1CDDEDD2290BCA3A0036D0E6 /* RxCocoa in Frameworks */ = {isa = PBXBuildFile; productRef = 1CDDEDD1290BCA3A0036D0E6 /* RxCocoa */; };
		1CDDEDD4290BCA3A0036D0E6 /* RxSwift in Frameworks */ = {isa = PBXBuildFile; productRef = 1CDDEDD3290BCA3A0036D0E6 /* RxSwift */; };
		1CDDEDD7290BCA5B0036D0E6 /* SnapKit in Frameworks */ = {isa = PBXBuildFile; productRef = 1CDDEDD6290BCA5B0036D0E6 /* SnapKit */; };
		1CDDEDE0290BCAFB0036D0E6 /* SignInViewModel.swift in Sources */ = {isa = PBXBuildFile; fileRef = 1CDDEDDB290BCAFB0036D0E6 /* SignInViewModel.swift */; };
		1CDDEDE1290BCAFB0036D0E6 /* SignInModel.swift in Sources */ = {isa = PBXBuildFile; fileRef = 1CDDEDDD290BCAFB0036D0E6 /* SignInModel.swift */; };
		1CDDEDE2290BCAFB0036D0E6 /* SignInViewController.swift in Sources */ = {isa = PBXBuildFile; fileRef = 1CDDEDDF290BCAFB0036D0E6 /* SignInViewController.swift */; };
		1CDDEDE6290BCB5A0036D0E6 /* CustomTextField.swift in Sources */ = {isa = PBXBuildFile; fileRef = 1CDDEDE4290BCB5A0036D0E6 /* CustomTextField.swift */; };
		1CDDEDE7290BCB5A0036D0E6 /* SecondCustomTextField.swift in Sources */ = {isa = PBXBuildFile; fileRef = 1CDDEDE5290BCB5A0036D0E6 /* SecondCustomTextField.swift */; };
		1CDDEDEF290BCB890036D0E6 /* SignUpViewModel.swift in Sources */ = {isa = PBXBuildFile; fileRef = 1CDDEDEA290BCB890036D0E6 /* SignUpViewModel.swift */; };
		1CDDEDF0290BCB890036D0E6 /* SignUpModel.swift in Sources */ = {isa = PBXBuildFile; fileRef = 1CDDEDEC290BCB890036D0E6 /* SignUpModel.swift */; };
		1CDDEDF1290BCB890036D0E6 /* SignUpViewController.swift in Sources */ = {isa = PBXBuildFile; fileRef = 1CDDEDEE290BCB890036D0E6 /* SignUpViewController.swift */; };
		1CDDEDF9290BCBA30036D0E6 /* ForgotViewModel.swift in Sources */ = {isa = PBXBuildFile; fileRef = 1CDDEDF4290BCBA30036D0E6 /* ForgotViewModel.swift */; };
		1CDDEDFA290BCBA30036D0E6 /* ForgotModel.swift in Sources */ = {isa = PBXBuildFile; fileRef = 1CDDEDF6290BCBA30036D0E6 /* ForgotModel.swift */; };
		1CDDEDFB290BCBA30036D0E6 /* ForgotViewController.swift in Sources */ = {isa = PBXBuildFile; fileRef = 1CDDEDF8290BCBA30036D0E6 /* ForgotViewController.swift */; };
		1CDDEE01290BD1AD0036D0E6 /* MainTabBarController.swift in Sources */ = {isa = PBXBuildFile; fileRef = 1CDDEE00290BD1AD0036D0E6 /* MainTabBarController.swift */; };
		1CDDEE03290BD1BB0036D0E6 /* MainViewController.swift in Sources */ = {isa = PBXBuildFile; fileRef = 1CDDEE02290BD1BB0036D0E6 /* MainViewController.swift */; };
		1CDDEE09290BD41E0036D0E6 /* HistoryViewController.swift in Sources */ = {isa = PBXBuildFile; fileRef = 1CDDEE08290BD41E0036D0E6 /* HistoryViewController.swift */; };
		1CDDEE1B290BD7BF0036D0E6 /* NewOrderViewModel.swift in Sources */ = {isa = PBXBuildFile; fileRef = 1CDDEE16290BD7BF0036D0E6 /* NewOrderViewModel.swift */; };
		1CDDEE1C290BD7BF0036D0E6 /* NewOrderModel.swift in Sources */ = {isa = PBXBuildFile; fileRef = 1CDDEE18290BD7BF0036D0E6 /* NewOrderModel.swift */; };
		1CDDEE1D290BD7BF0036D0E6 /* NewOrderViewController.swift in Sources */ = {isa = PBXBuildFile; fileRef = 1CDDEE1A290BD7BF0036D0E6 /* NewOrderViewController.swift */; };
		1CDDEE20290BDF5B0036D0E6 /* TableViewCell.swift in Sources */ = {isa = PBXBuildFile; fileRef = 1CDDEE1F290BDF5B0036D0E6 /* TableViewCell.swift */; };
		1CDDEE24290BE1CD0036D0E6 /* DescriptionViewController.swift in Sources */ = {isa = PBXBuildFile; fileRef = 1CDDEE23290BE1CD0036D0E6 /* DescriptionViewController.swift */; };
		AD574E8F290D34A100EB9F41 /* dataBase.xcdatamodeld in Sources */ = {isa = PBXBuildFile; fileRef = AD574E8D290D34A100EB9F41 /* dataBase.xcdatamodeld */; };
/* End PBXBuildFile section */

/* Begin PBXFileReference section */
		1CDDEDB9290BC8620036D0E6 /* DeliveryApp.app */ = {isa = PBXFileReference; explicitFileType = wrapper.application; includeInIndex = 0; path = DeliveryApp.app; sourceTree = BUILT_PRODUCTS_DIR; };
		1CDDEDBC290BC8620036D0E6 /* AppDelegate.swift */ = {isa = PBXFileReference; lastKnownFileType = sourcecode.swift; path = AppDelegate.swift; sourceTree = "<group>"; };
		1CDDEDBE290BC8620036D0E6 /* SceneDelegate.swift */ = {isa = PBXFileReference; lastKnownFileType = sourcecode.swift; path = SceneDelegate.swift; sourceTree = "<group>"; };
		1CDDEDC5290BC8630036D0E6 /* Assets.xcassets */ = {isa = PBXFileReference; lastKnownFileType = folder.assetcatalog; path = Assets.xcassets; sourceTree = "<group>"; };
		1CDDEDC8290BC8630036D0E6 /* Base */ = {isa = PBXFileReference; lastKnownFileType = file.storyboard; name = Base; path = Base.lproj/LaunchScreen.storyboard; sourceTree = "<group>"; };
		1CDDEDCA290BC8630036D0E6 /* Info.plist */ = {isa = PBXFileReference; lastKnownFileType = text.plist.xml; path = Info.plist; sourceTree = "<group>"; };
		1CDDEDDB290BCAFB0036D0E6 /* SignInViewModel.swift */ = {isa = PBXFileReference; fileEncoding = 4; lastKnownFileType = sourcecode.swift; path = SignInViewModel.swift; sourceTree = "<group>"; };
		1CDDEDDD290BCAFB0036D0E6 /* SignInModel.swift */ = {isa = PBXFileReference; fileEncoding = 4; lastKnownFileType = sourcecode.swift; path = SignInModel.swift; sourceTree = "<group>"; };
		1CDDEDDF290BCAFB0036D0E6 /* SignInViewController.swift */ = {isa = PBXFileReference; fileEncoding = 4; lastKnownFileType = sourcecode.swift; path = SignInViewController.swift; sourceTree = "<group>"; };
		1CDDEDE4290BCB5A0036D0E6 /* CustomTextField.swift */ = {isa = PBXFileReference; fileEncoding = 4; lastKnownFileType = sourcecode.swift; path = CustomTextField.swift; sourceTree = "<group>"; };
		1CDDEDE5290BCB5A0036D0E6 /* SecondCustomTextField.swift */ = {isa = PBXFileReference; fileEncoding = 4; lastKnownFileType = sourcecode.swift; path = SecondCustomTextField.swift; sourceTree = "<group>"; };
		1CDDEDEA290BCB890036D0E6 /* SignUpViewModel.swift */ = {isa = PBXFileReference; fileEncoding = 4; lastKnownFileType = sourcecode.swift; path = SignUpViewModel.swift; sourceTree = "<group>"; };
		1CDDEDEC290BCB890036D0E6 /* SignUpModel.swift */ = {isa = PBXFileReference; fileEncoding = 4; lastKnownFileType = sourcecode.swift; path = SignUpModel.swift; sourceTree = "<group>"; };
		1CDDEDEE290BCB890036D0E6 /* SignUpViewController.swift */ = {isa = PBXFileReference; fileEncoding = 4; lastKnownFileType = sourcecode.swift; path = SignUpViewController.swift; sourceTree = "<group>"; };
		1CDDEDF4290BCBA30036D0E6 /* ForgotViewModel.swift */ = {isa = PBXFileReference; fileEncoding = 4; lastKnownFileType = sourcecode.swift; path = ForgotViewModel.swift; sourceTree = "<group>"; };
		1CDDEDF6290BCBA30036D0E6 /* ForgotModel.swift */ = {isa = PBXFileReference; fileEncoding = 4; lastKnownFileType = sourcecode.swift; path = ForgotModel.swift; sourceTree = "<group>"; };
		1CDDEDF8290BCBA30036D0E6 /* ForgotViewController.swift */ = {isa = PBXFileReference; fileEncoding = 4; lastKnownFileType = sourcecode.swift; path = ForgotViewController.swift; sourceTree = "<group>"; };
		1CDDEE00290BD1AD0036D0E6 /* MainTabBarController.swift */ = {isa = PBXFileReference; lastKnownFileType = sourcecode.swift; path = MainTabBarController.swift; sourceTree = "<group>"; };
		1CDDEE02290BD1BB0036D0E6 /* MainViewController.swift */ = {isa = PBXFileReference; lastKnownFileType = sourcecode.swift; path = MainViewController.swift; sourceTree = "<group>"; };
		1CDDEE08290BD41E0036D0E6 /* HistoryViewController.swift */ = {isa = PBXFileReference; lastKnownFileType = sourcecode.swift; path = HistoryViewController.swift; sourceTree = "<group>"; };
		1CDDEE16290BD7BF0036D0E6 /* NewOrderViewModel.swift */ = {isa = PBXFileReference; fileEncoding = 4; lastKnownFileType = sourcecode.swift; path = NewOrderViewModel.swift; sourceTree = "<group>"; };
		1CDDEE18290BD7BF0036D0E6 /* NewOrderModel.swift */ = {isa = PBXFileReference; fileEncoding = 4; lastKnownFileType = sourcecode.swift; path = NewOrderModel.swift; sourceTree = "<group>"; };
		1CDDEE1A290BD7BF0036D0E6 /* NewOrderViewController.swift */ = {isa = PBXFileReference; fileEncoding = 4; lastKnownFileType = sourcecode.swift; path = NewOrderViewController.swift; sourceTree = "<group>"; };
		1CDDEE1F290BDF5B0036D0E6 /* TableViewCell.swift */ = {isa = PBXFileReference; lastKnownFileType = sourcecode.swift; path = TableViewCell.swift; sourceTree = "<group>"; };
		1CDDEE23290BE1CD0036D0E6 /* DescriptionViewController.swift */ = {isa = PBXFileReference; lastKnownFileType = sourcecode.swift; path = DescriptionViewController.swift; sourceTree = "<group>"; };
		AD574E8E290D34A100EB9F41 /* dataBase.xcdatamodel */ = {isa = PBXFileReference; lastKnownFileType = wrapper.xcdatamodel; path = dataBase.xcdatamodel; sourceTree = "<group>"; };
/* End PBXFileReference section */

/* Begin PBXFrameworksBuildPhase section */
		1CDDEDB6290BC8620036D0E6 /* Frameworks */ = {
			isa = PBXFrameworksBuildPhase;
			buildActionMask = 2147483647;
			files = (
				1CDDEDD7290BCA5B0036D0E6 /* SnapKit in Frameworks */,
				1CDDEDD4290BCA3A0036D0E6 /* RxSwift in Frameworks */,
				1CDDEDD2290BCA3A0036D0E6 /* RxCocoa in Frameworks */,
			);
			runOnlyForDeploymentPostprocessing = 0;
		};
/* End PBXFrameworksBuildPhase section */

/* Begin PBXGroup section */
		1CDDEDB0290BC8620036D0E6 = {
			isa = PBXGroup;
			children = (
				1CDDEDBB290BC8620036D0E6 /* DeliveryApp */,
				1CDDEDBA290BC8620036D0E6 /* Products */,
			);
			sourceTree = "<group>";
		};
		1CDDEDBA290BC8620036D0E6 /* Products */ = {
			isa = PBXGroup;
			children = (
				1CDDEDB9290BC8620036D0E6 /* DeliveryApp.app */,
			);
			name = Products;
			sourceTree = "<group>";
		};
		1CDDEDBB290BC8620036D0E6 /* DeliveryApp */ = {
			isa = PBXGroup;
			children = (
				1CDDEE21290BE07F0036D0E6 /* DescriptionModule */,
				1CDDEE04290BD3ED0036D0E6 /* HistoryModule */,
				1CDDEDD9290BCAFB0036D0E6 /* SignInModule */,
				1CDDEDE8290BCB890036D0E6 /* SignUpModule */,
				1CDDEDFC290BCF200036D0E6 /* MainModule */,
				1CDDEDF2290BCBA30036D0E6 /* ForgotModule */,
				1CDDEE14290BD7BF0036D0E6 /* NewOrderModule */,
				1CDDEDE3290BCB5A0036D0E6 /* Extension */,
				1CDDEDD8290BCA6B0036D0E6 /* Application */,
				1CDDEDC5290BC8630036D0E6 /* Assets.xcassets */,
				1CDDEDC7290BC8630036D0E6 /* LaunchScreen.storyboard */,
				1CDDEDCA290BC8630036D0E6 /* Info.plist */,
				AD574E8D290D34A100EB9F41 /* dataBase.xcdatamodeld */,
			);
			path = DeliveryApp;
			sourceTree = "<group>";
		};
		1CDDEDD8290BCA6B0036D0E6 /* Application */ = {
			isa = PBXGroup;
			children = (
				1CDDEDBC290BC8620036D0E6 /* AppDelegate.swift */,
				1CDDEDBE290BC8620036D0E6 /* SceneDelegate.swift */,
			);
			path = Application;
			sourceTree = "<group>";
		};
		1CDDEDD9290BCAFB0036D0E6 /* SignInModule */ = {
			isa = PBXGroup;
			children = (
				1CDDEDDA290BCAFB0036D0E6 /* ViewModel */,
				1CDDEDDC290BCAFB0036D0E6 /* Model */,
				1CDDEDDE290BCAFB0036D0E6 /* View */,
			);
			path = SignInModule;
			sourceTree = "<group>";
		};
		1CDDEDDA290BCAFB0036D0E6 /* ViewModel */ = {
			isa = PBXGroup;
			children = (
				1CDDEDDB290BCAFB0036D0E6 /* SignInViewModel.swift */,
			);
			path = ViewModel;
			sourceTree = "<group>";
		};
		1CDDEDDC290BCAFB0036D0E6 /* Model */ = {
			isa = PBXGroup;
			children = (
				1CDDEDDD290BCAFB0036D0E6 /* SignInModel.swift */,
			);
			path = Model;
			sourceTree = "<group>";
		};
		1CDDEDDE290BCAFB0036D0E6 /* View */ = {
			isa = PBXGroup;
			children = (
				1CDDEDDF290BCAFB0036D0E6 /* SignInViewController.swift */,
			);
			path = View;
			sourceTree = "<group>";
		};
		1CDDEDE3290BCB5A0036D0E6 /* Extension */ = {
			isa = PBXGroup;
			children = (
				1CDDEDE4290BCB5A0036D0E6 /* CustomTextField.swift */,
				1CDDEDE5290BCB5A0036D0E6 /* SecondCustomTextField.swift */,
			);
			path = Extension;
			sourceTree = "<group>";
		};
		1CDDEDE8290BCB890036D0E6 /* SignUpModule */ = {
			isa = PBXGroup;
			children = (
				1CDDEDE9290BCB890036D0E6 /* ViewModel */,
				1CDDEDEB290BCB890036D0E6 /* Model */,
				1CDDEDED290BCB890036D0E6 /* View */,
			);
			path = SignUpModule;
			sourceTree = "<group>";
		};
		1CDDEDE9290BCB890036D0E6 /* ViewModel */ = {
			isa = PBXGroup;
			children = (
				1CDDEDEA290BCB890036D0E6 /* SignUpViewModel.swift */,
			);
			path = ViewModel;
			sourceTree = "<group>";
		};
		1CDDEDEB290BCB890036D0E6 /* Model */ = {
			isa = PBXGroup;
			children = (
				1CDDEDEC290BCB890036D0E6 /* SignUpModel.swift */,
			);
			path = Model;
			sourceTree = "<group>";
		};
		1CDDEDED290BCB890036D0E6 /* View */ = {
			isa = PBXGroup;
			children = (
				1CDDEDEE290BCB890036D0E6 /* SignUpViewController.swift */,
			);
			path = View;
			sourceTree = "<group>";
		};
		1CDDEDF2290BCBA30036D0E6 /* ForgotModule */ = {
			isa = PBXGroup;
			children = (
				1CDDEDF3290BCBA30036D0E6 /* ViewModel */,
				1CDDEDF5290BCBA30036D0E6 /* Model */,
				1CDDEDF7290BCBA30036D0E6 /* View */,
			);
			path = ForgotModule;
			sourceTree = "<group>";
		};
		1CDDEDF3290BCBA30036D0E6 /* ViewModel */ = {
			isa = PBXGroup;
			children = (
				1CDDEDF4290BCBA30036D0E6 /* ForgotViewModel.swift */,
			);
			path = ViewModel;
			sourceTree = "<group>";
		};
		1CDDEDF5290BCBA30036D0E6 /* Model */ = {
			isa = PBXGroup;
			children = (
				1CDDEDF6290BCBA30036D0E6 /* ForgotModel.swift */,
			);
			path = Model;
			sourceTree = "<group>";
		};
		1CDDEDF7290BCBA30036D0E6 /* View */ = {
			isa = PBXGroup;
			children = (
				1CDDEDF8290BCBA30036D0E6 /* ForgotViewController.swift */,
			);
			path = View;
			sourceTree = "<group>";
		};
		1CDDEDFC290BCF200036D0E6 /* MainModule */ = {
			isa = PBXGroup;
			children = (
				1CDDEDFF290BCF4A0036D0E6 /* View */,
				1CDDEDFE290BCF420036D0E6 /* ViewModel */,
				1CDDEDFD290BCF360036D0E6 /* Model */,
			);
			path = MainModule;
			sourceTree = "<group>";
		};
		1CDDEDFD290BCF360036D0E6 /* Model */ = {
			isa = PBXGroup;
			children = (
			);
			path = Model;
			sourceTree = "<group>";
		};
		1CDDEDFE290BCF420036D0E6 /* ViewModel */ = {
			isa = PBXGroup;
			children = (
			);
			path = ViewModel;
			sourceTree = "<group>";
		};
		1CDDEDFF290BCF4A0036D0E6 /* View */ = {
			isa = PBXGroup;
			children = (
				1CDDEE00290BD1AD0036D0E6 /* MainTabBarController.swift */,
				1CDDEE02290BD1BB0036D0E6 /* MainViewController.swift */,
				1CDDEE1F290BDF5B0036D0E6 /* TableViewCell.swift */,
			);
			path = View;
			sourceTree = "<group>";
		};
		1CDDEE04290BD3ED0036D0E6 /* HistoryModule */ = {
			isa = PBXGroup;
			children = (
				1CDDEE07290BD40F0036D0E6 /* View */,
				1CDDEE06290BD4090036D0E6 /* ViewModel */,
				1CDDEE05290BD3FD0036D0E6 /* Model */,
			);
			path = HistoryModule;
			sourceTree = "<group>";
		};
		1CDDEE05290BD3FD0036D0E6 /* Model */ = {
			isa = PBXGroup;
			children = (
			);
			path = Model;
			sourceTree = "<group>";
		};
		1CDDEE06290BD4090036D0E6 /* ViewModel */ = {
			isa = PBXGroup;
			children = (
			);
			path = ViewModel;
			sourceTree = "<group>";
		};
		1CDDEE07290BD40F0036D0E6 /* View */ = {
			isa = PBXGroup;
			children = (
				1CDDEE08290BD41E0036D0E6 /* HistoryViewController.swift */,
			);
			path = View;
			sourceTree = "<group>";
		};
		1CDDEE14290BD7BF0036D0E6 /* NewOrderModule */ = {
			isa = PBXGroup;
			children = (
				1CDDEE15290BD7BF0036D0E6 /* ViewModel */,
				1CDDEE17290BD7BF0036D0E6 /* Model */,
				1CDDEE19290BD7BF0036D0E6 /* View */,
			);
			path = NewOrderModule;
			sourceTree = "<group>";
		};
		1CDDEE15290BD7BF0036D0E6 /* ViewModel */ = {
			isa = PBXGroup;
			children = (
				1CDDEE16290BD7BF0036D0E6 /* NewOrderViewModel.swift */,
			);
			path = ViewModel;
			sourceTree = "<group>";
		};
		1CDDEE17290BD7BF0036D0E6 /* Model */ = {
			isa = PBXGroup;
			children = (
				1CDDEE18290BD7BF0036D0E6 /* NewOrderModel.swift */,
			);
			path = Model;
			sourceTree = "<group>";
		};
		1CDDEE19290BD7BF0036D0E6 /* View */ = {
			isa = PBXGroup;
			children = (
				1CDDEE1A290BD7BF0036D0E6 /* NewOrderViewController.swift */,
			);
			path = View;
			sourceTree = "<group>";
		};
		1CDDEE21290BE07F0036D0E6 /* DescriptionModule */ = {
			isa = PBXGroup;
			children = (
				1CDDEE23290BE1CD0036D0E6 /* DescriptionViewController.swift */,
			);
			path = DescriptionModule;
			sourceTree = "<group>";
		};
/* End PBXGroup section */

/* Begin PBXNativeTarget section */
		1CDDEDB8290BC8620036D0E6 /* DeliveryApp */ = {
			isa = PBXNativeTarget;
			buildConfigurationList = 1CDDEDCD290BC8630036D0E6 /* Build configuration list for PBXNativeTarget "DeliveryApp" */;
			buildPhases = (
				1CDDEDB5290BC8620036D0E6 /* Sources */,
				1CDDEDB6290BC8620036D0E6 /* Frameworks */,
				1CDDEDB7290BC8620036D0E6 /* Resources */,
			);
			buildRules = (
			);
			dependencies = (
			);
			name = DeliveryApp;
			packageProductDependencies = (
				1CDDEDD1290BCA3A0036D0E6 /* RxCocoa */,
				1CDDEDD3290BCA3A0036D0E6 /* RxSwift */,
				1CDDEDD6290BCA5B0036D0E6 /* SnapKit */,
			);
			productName = DeliveryApp;
			productReference = 1CDDEDB9290BC8620036D0E6 /* DeliveryApp.app */;
			productType = "com.apple.product-type.application";
		};
/* End PBXNativeTarget section */

/* Begin PBXProject section */
		1CDDEDB1290BC8620036D0E6 /* Project object */ = {
			isa = PBXProject;
			attributes = {
				BuildIndependentTargetsInParallel = 1;
				LastSwiftUpdateCheck = 1400;
				LastUpgradeCheck = 1400;
				TargetAttributes = {
					1CDDEDB8290BC8620036D0E6 = {
						CreatedOnToolsVersion = 14.0.1;
					};
				};
			};
			buildConfigurationList = 1CDDEDB4290BC8620036D0E6 /* Build configuration list for PBXProject "DeliveryApp" */;
			compatibilityVersion = "Xcode 14.0";
			developmentRegion = en;
			hasScannedForEncodings = 0;
			knownRegions = (
				en,
				Base,
			);
			mainGroup = 1CDDEDB0290BC8620036D0E6;
			packageReferences = (
				1CDDEDD0290BCA3A0036D0E6 /* XCRemoteSwiftPackageReference "RxSwift" */,
				1CDDEDD5290BCA5B0036D0E6 /* XCRemoteSwiftPackageReference "SnapKit" */,
			);
			productRefGroup = 1CDDEDBA290BC8620036D0E6 /* Products */;
			projectDirPath = "";
			projectRoot = "";
			targets = (
				1CDDEDB8290BC8620036D0E6 /* DeliveryApp */,
			);
		};
/* End PBXProject section */

/* Begin PBXResourcesBuildPhase section */
		1CDDEDB7290BC8620036D0E6 /* Resources */ = {
			isa = PBXResourcesBuildPhase;
			buildActionMask = 2147483647;
			files = (
				1CDDEDC9290BC8630036D0E6 /* LaunchScreen.storyboard in Resources */,
				1CDDEDC6290BC8630036D0E6 /* Assets.xcassets in Resources */,
			);
			runOnlyForDeploymentPostprocessing = 0;
		};
/* End PBXResourcesBuildPhase section */

/* Begin PBXSourcesBuildPhase section */
		1CDDEDB5290BC8620036D0E6 /* Sources */ = {
			isa = PBXSourcesBuildPhase;
			buildActionMask = 2147483647;
			files = (
				1CDDEDF9290BCBA30036D0E6 /* ForgotViewModel.swift in Sources */,
				1CDDEDE0290BCAFB0036D0E6 /* SignInViewModel.swift in Sources */,
				1CDDEDFA290BCBA30036D0E6 /* ForgotModel.swift in Sources */,
				1CDDEDFB290BCBA30036D0E6 /* ForgotViewController.swift in Sources */,
				1CDDEE1B290BD7BF0036D0E6 /* NewOrderViewModel.swift in Sources */,
				1CDDEE20290BDF5B0036D0E6 /* TableViewCell.swift in Sources */,
				1CDDEE1D290BD7BF0036D0E6 /* NewOrderViewController.swift in Sources */,
				1CDDEDE7290BCB5A0036D0E6 /* SecondCustomTextField.swift in Sources */,
				1CDDEDEF290BCB890036D0E6 /* SignUpViewModel.swift in Sources */,
				1CDDEDF0290BCB890036D0E6 /* SignUpModel.swift in Sources */,
				1CDDEE09290BD41E0036D0E6 /* HistoryViewController.swift in Sources */,
				1CDDEDF1290BCB890036D0E6 /* SignUpViewController.swift in Sources */,
				1CDDEDE2290BCAFB0036D0E6 /* SignInViewController.swift in Sources */,
				1CDDEE03290BD1BB0036D0E6 /* MainViewController.swift in Sources */,
				1CDDEDE6290BCB5A0036D0E6 /* CustomTextField.swift in Sources */,
				1CDDEE24290BE1CD0036D0E6 /* DescriptionViewController.swift in Sources */,
				1CDDEE1C290BD7BF0036D0E6 /* NewOrderModel.swift in Sources */,
				1CDDEE01290BD1AD0036D0E6 /* MainTabBarController.swift in Sources */,
				1CDDEDBD290BC8620036D0E6 /* AppDelegate.swift in Sources */,
				1CDDEDBF290BC8620036D0E6 /* SceneDelegate.swift in Sources */,
				AD574E8F290D34A100EB9F41 /* dataBase.xcdatamodeld in Sources */,
				1CDDEDE1290BCAFB0036D0E6 /* SignInModel.swift in Sources */,
			);
			runOnlyForDeploymentPostprocessing = 0;
		};
/* End PBXSourcesBuildPhase section */

/* Begin PBXVariantGroup section */
		1CDDEDC7290BC8630036D0E6 /* LaunchScreen.storyboard */ = {
			isa = PBXVariantGroup;
			children = (
				1CDDEDC8290BC8630036D0E6 /* Base */,
			);
			name = LaunchScreen.storyboard;
			sourceTree = "<group>";
		};
/* End PBXVariantGroup section */

/* Begin XCBuildConfiguration section */
		1CDDEDCB290BC8630036D0E6 /* Debug */ = {
			isa = XCBuildConfiguration;
			buildSettings = {
				ALWAYS_SEARCH_USER_PATHS = NO;
				CLANG_ANALYZER_NONNULL = YES;
				CLANG_ANALYZER_NUMBER_OBJECT_CONVERSION = YES_AGGRESSIVE;
				CLANG_CXX_LANGUAGE_STANDARD = "gnu++20";
				CLANG_ENABLE_MODULES = YES;
				CLANG_ENABLE_OBJC_ARC = YES;
				CLANG_ENABLE_OBJC_WEAK = YES;
				CLANG_WARN_BLOCK_CAPTURE_AUTORELEASING = YES;
				CLANG_WARN_BOOL_CONVERSION = YES;
				CLANG_WARN_COMMA = YES;
				CLANG_WARN_CONSTANT_CONVERSION = YES;
				CLANG_WARN_DEPRECATED_OBJC_IMPLEMENTATIONS = YES;
				CLANG_WARN_DIRECT_OBJC_ISA_USAGE = YES_ERROR;
				CLANG_WARN_DOCUMENTATION_COMMENTS = YES;
				CLANG_WARN_EMPTY_BODY = YES;
				CLANG_WARN_ENUM_CONVERSION = YES;
				CLANG_WARN_INFINITE_RECURSION = YES;
				CLANG_WARN_INT_CONVERSION = YES;
				CLANG_WARN_NON_LITERAL_NULL_CONVERSION = YES;
				CLANG_WARN_OBJC_IMPLICIT_RETAIN_SELF = YES;
				CLANG_WARN_OBJC_LITERAL_CONVERSION = YES;
				CLANG_WARN_OBJC_ROOT_CLASS = YES_ERROR;
				CLANG_WARN_QUOTED_INCLUDE_IN_FRAMEWORK_HEADER = YES;
				CLANG_WARN_RANGE_LOOP_ANALYSIS = YES;
				CLANG_WARN_STRICT_PROTOTYPES = YES;
				CLANG_WARN_SUSPICIOUS_MOVE = YES;
				CLANG_WARN_UNGUARDED_AVAILABILITY = YES_AGGRESSIVE;
				CLANG_WARN_UNREACHABLE_CODE = YES;
				CLANG_WARN__DUPLICATE_METHOD_MATCH = YES;
				COPY_PHASE_STRIP = NO;
				DEBUG_INFORMATION_FORMAT = dwarf;
				ENABLE_STRICT_OBJC_MSGSEND = YES;
				ENABLE_TESTABILITY = YES;
				GCC_C_LANGUAGE_STANDARD = gnu11;
				GCC_DYNAMIC_NO_PIC = NO;
				GCC_NO_COMMON_BLOCKS = YES;
				GCC_OPTIMIZATION_LEVEL = 0;
				GCC_PREPROCESSOR_DEFINITIONS = (
					"DEBUG=1",
					"$(inherited)",
				);
				GCC_WARN_64_TO_32_BIT_CONVERSION = YES;
				GCC_WARN_ABOUT_RETURN_TYPE = YES_ERROR;
				GCC_WARN_UNDECLARED_SELECTOR = YES;
				GCC_WARN_UNINITIALIZED_AUTOS = YES_AGGRESSIVE;
				GCC_WARN_UNUSED_FUNCTION = YES;
				GCC_WARN_UNUSED_VARIABLE = YES;
				IPHONEOS_DEPLOYMENT_TARGET = 16.0;
				MTL_ENABLE_DEBUG_INFO = INCLUDE_SOURCE;
				MTL_FAST_MATH = YES;
				ONLY_ACTIVE_ARCH = YES;
				SDKROOT = iphoneos;
				SWIFT_ACTIVE_COMPILATION_CONDITIONS = DEBUG;
				SWIFT_OPTIMIZATION_LEVEL = "-Onone";
			};
			name = Debug;
		};
		1CDDEDCC290BC8630036D0E6 /* Release */ = {
			isa = XCBuildConfiguration;
			buildSettings = {
				ALWAYS_SEARCH_USER_PATHS = NO;
				CLANG_ANALYZER_NONNULL = YES;
				CLANG_ANALYZER_NUMBER_OBJECT_CONVERSION = YES_AGGRESSIVE;
				CLANG_CXX_LANGUAGE_STANDARD = "gnu++20";
				CLANG_ENABLE_MODULES = YES;
				CLANG_ENABLE_OBJC_ARC = YES;
				CLANG_ENABLE_OBJC_WEAK = YES;
				CLANG_WARN_BLOCK_CAPTURE_AUTORELEASING = YES;
				CLANG_WARN_BOOL_CONVERSION = YES;
				CLANG_WARN_COMMA = YES;
				CLANG_WARN_CONSTANT_CONVERSION = YES;
				CLANG_WARN_DEPRECATED_OBJC_IMPLEMENTATIONS = YES;
				CLANG_WARN_DIRECT_OBJC_ISA_USAGE = YES_ERROR;
				CLANG_WARN_DOCUMENTATION_COMMENTS = YES;
				CLANG_WARN_EMPTY_BODY = YES;
				CLANG_WARN_ENUM_CONVERSION = YES;
				CLANG_WARN_INFINITE_RECURSION = YES;
				CLANG_WARN_INT_CONVERSION = YES;
				CLANG_WARN_NON_LITERAL_NULL_CONVERSION = YES;
				CLANG_WARN_OBJC_IMPLICIT_RETAIN_SELF = YES;
				CLANG_WARN_OBJC_LITERAL_CONVERSION = YES;
				CLANG_WARN_OBJC_ROOT_CLASS = YES_ERROR;
				CLANG_WARN_QUOTED_INCLUDE_IN_FRAMEWORK_HEADER = YES;
				CLANG_WARN_RANGE_LOOP_ANALYSIS = YES;
				CLANG_WARN_STRICT_PROTOTYPES = YES;
				CLANG_WARN_SUSPICIOUS_MOVE = YES;
				CLANG_WARN_UNGUARDED_AVAILABILITY = YES_AGGRESSIVE;
				CLANG_WARN_UNREACHABLE_CODE = YES;
				CLANG_WARN__DUPLICATE_METHOD_MATCH = YES;
				COPY_PHASE_STRIP = NO;
				DEBUG_INFORMATION_FORMAT = "dwarf-with-dsym";
				ENABLE_NS_ASSERTIONS = NO;
				ENABLE_STRICT_OBJC_MSGSEND = YES;
				GCC_C_LANGUAGE_STANDARD = gnu11;
				GCC_NO_COMMON_BLOCKS = YES;
				GCC_WARN_64_TO_32_BIT_CONVERSION = YES;
				GCC_WARN_ABOUT_RETURN_TYPE = YES_ERROR;
				GCC_WARN_UNDECLARED_SELECTOR = YES;
				GCC_WARN_UNINITIALIZED_AUTOS = YES_AGGRESSIVE;
				GCC_WARN_UNUSED_FUNCTION = YES;
				GCC_WARN_UNUSED_VARIABLE = YES;
				IPHONEOS_DEPLOYMENT_TARGET = 16.0;
				MTL_ENABLE_DEBUG_INFO = NO;
				MTL_FAST_MATH = YES;
				SDKROOT = iphoneos;
				SWIFT_COMPILATION_MODE = wholemodule;
				SWIFT_OPTIMIZATION_LEVEL = "-O";
				VALIDATE_PRODUCT = YES;
			};
			name = Release;
		};
		1CDDEDCE290BC8630036D0E6 /* Debug */ = {
			isa = XCBuildConfiguration;
			buildSettings = {
				ASSETCATALOG_COMPILER_APPICON_NAME = AppIcon;
				ASSETCATALOG_COMPILER_GLOBAL_ACCENT_COLOR_NAME = AccentColor;
				CODE_SIGN_STYLE = Automatic;
				CURRENT_PROJECT_VERSION = 1;
				GENERATE_INFOPLIST_FILE = YES;
				INFOPLIST_FILE = DeliveryApp/Info.plist;
				INFOPLIST_KEY_UIApplicationSupportsIndirectInputEvents = YES;
				INFOPLIST_KEY_UILaunchStoryboardName = LaunchScreen;
				INFOPLIST_KEY_UIMainStoryboardFile = "";
				INFOPLIST_KEY_UISupportedInterfaceOrientations_iPad = "UIInterfaceOrientationPortrait UIInterfaceOrientationPortraitUpsideDown UIInterfaceOrientationLandscapeLeft UIInterfaceOrientationLandscapeRight";
				INFOPLIST_KEY_UISupportedInterfaceOrientations_iPhone = "UIInterfaceOrientationPortrait UIInterfaceOrientationLandscapeLeft UIInterfaceOrientationLandscapeRight";
				LD_RUNPATH_SEARCH_PATHS = (
					"$(inherited)",
					"@executable_path/Frameworks",
				);
				MARKETING_VERSION = 1.0;
				PRODUCT_BUNDLE_IDENTIFIER = eQip.DeliveryApp;
				PRODUCT_NAME = "$(TARGET_NAME)";
				SWIFT_EMIT_LOC_STRINGS = YES;
				SWIFT_VERSION = 5.0;
				TARGETED_DEVICE_FAMILY = "1,2";
			};
			name = Debug;
		};
		1CDDEDCF290BC8630036D0E6 /* Release */ = {
			isa = XCBuildConfiguration;
			buildSettings = {
				ASSETCATALOG_COMPILER_APPICON_NAME = AppIcon;
				ASSETCATALOG_COMPILER_GLOBAL_ACCENT_COLOR_NAME = AccentColor;
				CODE_SIGN_STYLE = Automatic;
				CURRENT_PROJECT_VERSION = 1;
				GENERATE_INFOPLIST_FILE = YES;
				INFOPLIST_FILE = DeliveryApp/Info.plist;
				INFOPLIST_KEY_UIApplicationSupportsIndirectInputEvents = YES;
				INFOPLIST_KEY_UILaunchStoryboardName = LaunchScreen;
				INFOPLIST_KEY_UIMainStoryboardFile = "";
				INFOPLIST_KEY_UISupportedInterfaceOrientations_iPad = "UIInterfaceOrientationPortrait UIInterfaceOrientationPortraitUpsideDown UIInterfaceOrientationLandscapeLeft UIInterfaceOrientationLandscapeRight";
				INFOPLIST_KEY_UISupportedInterfaceOrientations_iPhone = "UIInterfaceOrientationPortrait UIInterfaceOrientationLandscapeLeft UIInterfaceOrientationLandscapeRight";
				LD_RUNPATH_SEARCH_PATHS = (
					"$(inherited)",
					"@executable_path/Frameworks",
				);
				MARKETING_VERSION = 1.0;
				PRODUCT_BUNDLE_IDENTIFIER = eQip.DeliveryApp;
				PRODUCT_NAME = "$(TARGET_NAME)";
				SWIFT_EMIT_LOC_STRINGS = YES;
				SWIFT_VERSION = 5.0;
				TARGETED_DEVICE_FAMILY = "1,2";
			};
			name = Release;
		};
/* End XCBuildConfiguration section */

/* Begin XCConfigurationList section */
		1CDDEDB4290BC8620036D0E6 /* Build configuration list for PBXProject "DeliveryApp" */ = {
			isa = XCConfigurationList;
			buildConfigurations = (
				1CDDEDCB290BC8630036D0E6 /* Debug */,
				1CDDEDCC290BC8630036D0E6 /* Release */,
			);
			defaultConfigurationIsVisible = 0;
			defaultConfigurationName = Release;
		};
		1CDDEDCD290BC8630036D0E6 /* Build configuration list for PBXNativeTarget "DeliveryApp" */ = {
			isa = XCConfigurationList;
			buildConfigurations = (
				1CDDEDCE290BC8630036D0E6 /* Debug */,
				1CDDEDCF290BC8630036D0E6 /* Release */,
			);
			defaultConfigurationIsVisible = 0;
			defaultConfigurationName = Release;
		};
/* End XCConfigurationList section */

/* Begin XCRemoteSwiftPackageReference section */
		1CDDEDD0290BCA3A0036D0E6 /* XCRemoteSwiftPackageReference "RxSwift" */ = {
			isa = XCRemoteSwiftPackageReference;
			repositoryURL = "https://github.com/ReactiveX/RxSwift";
			requirement = {
				kind = upToNextMajorVersion;
				minimumVersion = 6.0.0;
			};
		};
		1CDDEDD5290BCA5B0036D0E6 /* XCRemoteSwiftPackageReference "SnapKit" */ = {
			isa = XCRemoteSwiftPackageReference;
			repositoryURL = "https://github.com/SnapKit/SnapKit";
			requirement = {
				kind = upToNextMajorVersion;
				minimumVersion = 5.0.0;
			};
		};
/* End XCRemoteSwiftPackageReference section */

/* Begin XCSwiftPackageProductDependency section */
		1CDDEDD1290BCA3A0036D0E6 /* RxCocoa */ = {
			isa = XCSwiftPackageProductDependency;
			package = 1CDDEDD0290BCA3A0036D0E6 /* XCRemoteSwiftPackageReference "RxSwift" */;
			productName = RxCocoa;
		};
		1CDDEDD3290BCA3A0036D0E6 /* RxSwift */ = {
			isa = XCSwiftPackageProductDependency;
			package = 1CDDEDD0290BCA3A0036D0E6 /* XCRemoteSwiftPackageReference "RxSwift" */;
			productName = RxSwift;
		};
		1CDDEDD6290BCA5B0036D0E6 /* SnapKit */ = {
			isa = XCSwiftPackageProductDependency;
			package = 1CDDEDD5290BCA5B0036D0E6 /* XCRemoteSwiftPackageReference "SnapKit" */;
			productName = SnapKit;
		};
/* End XCSwiftPackageProductDependency section */

/* Begin XCVersionGroup section */
		AD574E8D290D34A100EB9F41 /* dataBase.xcdatamodeld */ = {
			isa = XCVersionGroup;
			children = (
				AD574E8E290D34A100EB9F41 /* dataBase.xcdatamodel */,
			);
			currentVersion = AD574E8E290D34A100EB9F41 /* dataBase.xcdatamodel */;
			path = dataBase.xcdatamodeld;
			sourceTree = "<group>";
			versionGroupType = wrapper.xcdatamodel;
		};
/* End XCVersionGroup section */
	};
	rootObject = 1CDDEDB1290BC8620036D0E6 /* Project object */;
}
